
Microsoft Visual Studio Solution File, Format Version 12.00
# Visual Studio Version 17
VisualStudioVersion = 17.5.002.0
MinimumVisualStudioVersion = 10.0.40219.1
Project("{9A19103F-16F7-4668-BE54-9A1E7A4F7556}") = "SnakeGame", "SnakeGame.csproj", "{C03BBE2D-97CB-4C95-A905-8B8D5C86CECB}"
EndProject
Global
	GlobalSection(SolutionConfigurationPlatforms) = preSolution
		Debug|Any CPU = Debug|Any CPU
		Release|Any CPU = Release|Any CPU
	EndGlobalSection
	GlobalSection(ProjectConfigurationPlatforms) = postSolution
		{C03BBE2D-97CB-4C95-A905-8B8D5C86CECB}.Debug|Any CPU.ActiveCfg = Debug|Any CPU
		{C03BBE2D-97CB-4C95-A905-8B8D5C86CECB}.Debug|Any CPU.Build.0 = Debug|Any CPU
		{C03BBE2D-97CB-4C95-A905-8B8D5C86CECB}.Release|Any CPU.ActiveCfg = Release|Any CPU
		{C03BBE2D-97CB-4C95-A905-8B8D5C86CECB}.Release|Any CPU.Build.0 = Release|Any CPU
	EndGlobalSection
	GlobalSection(SolutionProperties) = preSolution
		HideSolutionNode = FALSE
	EndGlobalSection
	GlobalSection(ExtensibilityGlobals) = postSolution
		SolutionGuid = {4503DA4B-4897-4098-9E56-62D307D5A9AD}
	EndGlobalSection
EndGlobal
